
Microsoft Visual Studio Solution File, Format Version 11.00
# Visual Studio 2010
Project("{F184B08F-C81C-45F6-A57F-5ABD9991F28F}") = "A_star_test", "A_star_test\A_star_test.vbproj", "{045CC118-17B7-4F19-9B3F-FAEF25ECB063}"
EndProject
Global
	GlobalSection(SolutionConfigurationPlatforms) = preSolution
		Debug|x86 = Debug|x86
		Release|x86 = Release|x86
	EndGlobalSection
	GlobalSection(ProjectConfigurationPlatforms) = postSolution
		{045CC118-17B7-4F19-9B3F-FAEF25ECB063}.Debug|x86.ActiveCfg = Debug|x86
		{045CC118-17B7-4F19-9B3F-FAEF25ECB063}.Debug|x86.Build.0 = Debug|x86
		{045CC118-17B7-4F19-9B3F-FAEF25ECB063}.Release|x86.ActiveCfg = Release|x86
		{045CC118-17B7-4F19-9B3F-FAEF25ECB063}.Release|x86.Build.0 = Release|x86
	EndGlobalSection
	GlobalSection(SolutionProperties) = preSolution
		HideSolutionNode = FALSE
	EndGlobalSection
EndGlobal
